
Microsoft Visual Studio Solution File, Format Version 12.00
# Visual Studio Version 16
VisualStudioVersion = 16.0.30128.74
MinimumVisualStudioVersion = 10.0.40219.1
Project("{9A19103F-16F7-4668-BE54-9A1E7A4F7556}") = "HR.Application", "HR.Application\HR.Application.csproj", "{BD5086DC-ED1D-45E4-B4E6-0A72BEA75544}"
EndProject
Project("{9A19103F-16F7-4668-BE54-9A1E7A4F7556}") = "HR.Persistance", "HR.Persistance\HR.Persistance.csproj", "{1A0A9DF4-02F9-445A-AE37-65E6678DE7F3}"
EndProject
Project("{9A19103F-16F7-4668-BE54-9A1E7A4F7556}") = "HR.Data", "HR.Data\HR.Data.csproj", "{6E298580-2FB5-417E-AAC9-BD31FCAB2147}"
EndProject
Project("{9A19103F-16F7-4668-BE54-9A1E7A4F7556}") = "HR.Data.DTO", "HR.DTO\HR.Data.DTO.csproj", "{4CB5DE7E-FF90-43C0-85A0-1A2AAB24F22F}"
EndProject
Project("{FAE04EC0-301F-11D3-BF4B-00C04F79EFBC}") = "HR.API", "HR.API\HR.API.csproj", "{B961DD9B-1456-45C7-A23C-B919D9648F94}"
EndProject
Global
	GlobalSection(SolutionConfigurationPlatforms) = preSolution
		Debug|Any CPU = Debug|Any CPU
		Release|Any CPU = Release|Any CPU
	EndGlobalSection
	GlobalSection(ProjectConfigurationPlatforms) = postSolution
		{BD5086DC-ED1D-45E4-B4E6-0A72BEA75544}.Debug|Any CPU.ActiveCfg = Debug|Any CPU
		{BD5086DC-ED1D-45E4-B4E6-0A72BEA75544}.Debug|Any CPU.Build.0 = Debug|Any CPU
		{BD5086DC-ED1D-45E4-B4E6-0A72BEA75544}.Release|Any CPU.ActiveCfg = Release|Any CPU
		{BD5086DC-ED1D-45E4-B4E6-0A72BEA75544}.Release|Any CPU.Build.0 = Release|Any CPU
		{1A0A9DF4-02F9-445A-AE37-65E6678DE7F3}.Debug|Any CPU.ActiveCfg = Debug|Any CPU
		{1A0A9DF4-02F9-445A-AE37-65E6678DE7F3}.Debug|Any CPU.Build.0 = Debug|Any CPU
		{1A0A9DF4-02F9-445A-AE37-65E6678DE7F3}.Release|Any CPU.ActiveCfg = Release|Any CPU
		{1A0A9DF4-02F9-445A-AE37-65E6678DE7F3}.Release|Any CPU.Build.0 = Release|Any CPU
		{6E298580-2FB5-417E-AAC9-BD31FCAB2147}.Debug|Any CPU.ActiveCfg = Debug|Any CPU
		{6E298580-2FB5-417E-AAC9-BD31FCAB2147}.Debug|Any CPU.Build.0 = Debug|Any CPU
		{6E298580-2FB5-417E-AAC9-BD31FCAB2147}.Release|Any CPU.ActiveCfg = Release|Any CPU
		{6E298580-2FB5-417E-AAC9-BD31FCAB2147}.Release|Any CPU.Build.0 = Release|Any CPU
		{4CB5DE7E-FF90-43C0-85A0-1A2AAB24F22F}.Debug|Any CPU.ActiveCfg = Debug|Any CPU
		{4CB5DE7E-FF90-43C0-85A0-1A2AAB24F22F}.Debug|Any CPU.Build.0 = Debug|Any CPU
		{4CB5DE7E-FF90-43C0-85A0-1A2AAB24F22F}.Release|Any CPU.ActiveCfg = Release|Any CPU
		{4CB5DE7E-FF90-43C0-85A0-1A2AAB24F22F}.Release|Any CPU.Build.0 = Release|Any CPU
		{B961DD9B-1456-45C7-A23C-B919D9648F94}.Debug|Any CPU.ActiveCfg = Debug|Any CPU
		{B961DD9B-1456-45C7-A23C-B919D9648F94}.Debug|Any CPU.Build.0 = Debug|Any CPU
		{B961DD9B-1456-45C7-A23C-B919D9648F94}.Release|Any CPU.ActiveCfg = Release|Any CPU
		{B961DD9B-1456-45C7-A23C-B919D9648F94}.Release|Any CPU.Build.0 = Release|Any CPU
	EndGlobalSection
	GlobalSection(SolutionProperties) = preSolution
		HideSolutionNode = FALSE
	EndGlobalSection
	GlobalSection(ExtensibilityGlobals) = postSolution
		SolutionGuid = {5D92FE7A-CD9C-4AD6-AC56-D42EDC49E525}
	EndGlobalSection
EndGlobal
